
Microsoft Visual Studio Solution File, Format Version 12.00
Project("{FAE04EC0-301F-11D3-BF4B-00C04F79EFBC}") = "FirstCharacter", "FirstCharacter\FirstCharacter.csproj", "{50184180-4D33-4C3F-99E3-5FB31ECE018C}"
EndProject
Project("{FAE04EC0-301F-11D3-BF4B-00C04F79EFBC}") = "StringToInt.ConsoleApp", "StringToInt.ConsoleApp\StringToInt.ConsoleApp.csproj", "{7DBAC106-5CB4-41C5-9048-4CED0C9FD4DE}"
EndProject
Project("{FAE04EC0-301F-11D3-BF4B-00C04F79EFBC}") = "StringToInt.Library", "StringToInt.Library\StringToInt.Library.csproj", "{16AD622C-0979-4D18-B837-85A63D1B6F88}"
EndProject
Global
	GlobalSection(SolutionConfigurationPlatforms) = preSolution
		Debug|Any CPU = Debug|Any CPU
		Release|Any CPU = Release|Any CPU
	EndGlobalSection
	GlobalSection(ProjectConfigurationPlatforms) = postSolution
		{50184180-4D33-4C3F-99E3-5FB31ECE018C}.Debug|Any CPU.ActiveCfg = Debug|Any CPU
		{50184180-4D33-4C3F-99E3-5FB31ECE018C}.Debug|Any CPU.Build.0 = Debug|Any CPU
		{50184180-4D33-4C3F-99E3-5FB31ECE018C}.Release|Any CPU.ActiveCfg = Release|Any CPU
		{50184180-4D33-4C3F-99E3-5FB31ECE018C}.Release|Any CPU.Build.0 = Release|Any CPU
		{7DBAC106-5CB4-41C5-9048-4CED0C9FD4DE}.Debug|Any CPU.ActiveCfg = Debug|Any CPU
		{7DBAC106-5CB4-41C5-9048-4CED0C9FD4DE}.Debug|Any CPU.Build.0 = Debug|Any CPU
		{7DBAC106-5CB4-41C5-9048-4CED0C9FD4DE}.Release|Any CPU.ActiveCfg = Release|Any CPU
		{7DBAC106-5CB4-41C5-9048-4CED0C9FD4DE}.Release|Any CPU.Build.0 = Release|Any CPU
		{16AD622C-0979-4D18-B837-85A63D1B6F88}.Debug|Any CPU.ActiveCfg = Debug|Any CPU
		{16AD622C-0979-4D18-B837-85A63D1B6F88}.Debug|Any CPU.Build.0 = Debug|Any CPU
		{16AD622C-0979-4D18-B837-85A63D1B6F88}.Release|Any CPU.ActiveCfg = Release|Any CPU
		{16AD622C-0979-4D18-B837-85A63D1B6F88}.Release|Any CPU.Build.0 = Release|Any CPU
	EndGlobalSection
EndGlobal
