
Microsoft Visual Studio Solution File, Format Version 12.00
# Visual Studio Version 16
VisualStudioVersion = 16.0.29905.134
MinimumVisualStudioVersion = 10.0.40219.1
Project("{FAE04EC0-301F-11D3-BF4B-00C04F79EFBC}") = "XmlFormat", "XmlFormat\XmlFormat.csproj", "{77AFE113-B90B-4D7B-954D-F9B8BBCBF641}"
EndProject
Project("{FAE04EC0-301F-11D3-BF4B-00C04F79EFBC}") = "ConsoleApp", "ConsoleApp\ConsoleApp.csproj", "{652E9642-8DCF-4230-B17F-7B599FD448FF}"
EndProject
Global
	GlobalSection(SolutionConfigurationPlatforms) = preSolution
		Debug|Any CPU = Debug|Any CPU
		Release|Any CPU = Release|Any CPU
	EndGlobalSection
	GlobalSection(ProjectConfigurationPlatforms) = postSolution
		{77AFE113-B90B-4D7B-954D-F9B8BBCBF641}.Debug|Any CPU.ActiveCfg = Debug|Any CPU
		{77AFE113-B90B-4D7B-954D-F9B8BBCBF641}.Debug|Any CPU.Build.0 = Debug|Any CPU
		{77AFE113-B90B-4D7B-954D-F9B8BBCBF641}.Release|Any CPU.ActiveCfg = Release|Any CPU
		{77AFE113-B90B-4D7B-954D-F9B8BBCBF641}.Release|Any CPU.Build.0 = Release|Any CPU
		{652E9642-8DCF-4230-B17F-7B599FD448FF}.Debug|Any CPU.ActiveCfg = Debug|Any CPU
		{652E9642-8DCF-4230-B17F-7B599FD448FF}.Debug|Any CPU.Build.0 = Debug|Any CPU
		{652E9642-8DCF-4230-B17F-7B599FD448FF}.Release|Any CPU.ActiveCfg = Release|Any CPU
		{652E9642-8DCF-4230-B17F-7B599FD448FF}.Release|Any CPU.Build.0 = Release|Any CPU
	EndGlobalSection
	GlobalSection(SolutionProperties) = preSolution
		HideSolutionNode = FALSE
	EndGlobalSection
	GlobalSection(ExtensibilityGlobals) = postSolution
		SolutionGuid = {F397EF24-CD1C-4D5F-B87B-1D8B6CCBD065}
	EndGlobalSection
EndGlobal
